// !$*UTF8*$!
{
	archiveVersion = 1;
	classes = {
	};
	objectVersion = 46;
	objects = {

/* Begin PBXBuildFile section */
		C85035ED21894AF39C3E663A /* libPods.a in Frameworks */ = {isa = PBXBuildFile; fileRef = 44D2FD65A4854AD9B3A65D1C /* libPods.a */; };
		E31556FF17DC0F2B0030339E /* 01_company-a.jpg in Resources */ = {isa = PBXBuildFile; fileRef = E31556F117DC0F2B0030339E /* 01_company-a.jpg */; };
		E315570017DC0F2B0030339E /* button.png in Resources */ = {isa = PBXBuildFile; fileRef = E31556F217DC0F2B0030339E /* button.png */; };
		E315570117DC0F2B0030339E /* button@2x.png in Resources */ = {isa = PBXBuildFile; fileRef = E31556F317DC0F2B0030339E /* button@2x.png */; };
		E315570217DC0F2B0030339E /* check-no.png in Resources */ = {isa = PBXBuildFile; fileRef = E31556F417DC0F2B0030339E /* check-no.png */; };
		E315570317DC0F2B0030339E /* check-no@2x.png in Resources */ = {isa = PBXBuildFile; fileRef = E31556F517DC0F2B0030339E /* check-no@2x.png */; };
		E315570417DC0F2B0030339E /* check-yes.png in Resources */ = {isa = PBXBuildFile; fileRef = E31556F617DC0F2B0030339E /* check-yes.png */; };
		E315570517DC0F2B0030339E /* check-yes@2x.png in Resources */ = {isa = PBXBuildFile; fileRef = E31556F717DC0F2B0030339E /* check-yes@2x.png */; };
		E315570617DC0F2B0030339E /* crunchbase.png in Resources */ = {isa = PBXBuildFile; fileRef = E31556F817DC0F2B0030339E /* crunchbase.png */; };
		E315570717DC0F2B0030339E /* crunchbase@2x.png in Resources */ = {isa = PBXBuildFile; fileRef = E31556F917DC0F2B0030339E /* crunchbase@2x.png */; };
		E315570817DC0F2B0030339E /* hunt-logo.png in Resources */ = {isa = PBXBuildFile; fileRef = E31556FA17DC0F2B0030339E /* hunt-logo.png */; };
		E315570917DC0F2B0030339E /* info.png in Resources */ = {isa = PBXBuildFile; fileRef = E31556FB17DC0F2B0030339E /* info.png */; };
		E315570A17DC0F2B0030339E /* info@2x.png in Resources */ = {isa = PBXBuildFile; fileRef = E31556FC17DC0F2B0030339E /* info@2x.png */; };
		E315570B17DC0F2B0030339E /* menu.png in Resources */ = {isa = PBXBuildFile; fileRef = E31556FD17DC0F2B0030339E /* menu.png */; };
		E315570C17DC0F2B0030339E /* menu@2x.png in Resources */ = {isa = PBXBuildFile; fileRef = E31556FE17DC0F2B0030339E /* menu@2x.png */; };
		E315570F17DC20320030339E /* CXModel.m in Sources */ = {isa = PBXBuildFile; fileRef = E315570E17DC20320030339E /* CXModel.m */; };
		E37C369B16C83FE700793B41 /* CXPhotoView.m in Sources */ = {isa = PBXBuildFile; fileRef = E37C369A16C83FE700793B41 /* CXPhotoView.m */; };
		E37C369D16C84C4100793B41 /* MBShortStack@2x.png in Resources */ = {isa = PBXBuildFile; fileRef = E37C369C16C84C4100793B41 /* MBShortStack@2x.png */; };
		E37C369F16C84CCA00793B41 /* MBButtonHolder@2x.png in Resources */ = {isa = PBXBuildFile; fileRef = E37C369E16C84CCA00793B41 /* MBButtonHolder@2x.png */; };
		E37C36A216C84D6B00793B41 /* MBDislikeButtonDefault@2x.png in Resources */ = {isa = PBXBuildFile; fileRef = E37C36A016C84D6B00793B41 /* MBDislikeButtonDefault@2x.png */; };
		E37C36A316C84D6B00793B41 /* MBDislikeButtonDisabled@2x.png in Resources */ = {isa = PBXBuildFile; fileRef = E37C36A116C84D6B00793B41 /* MBDislikeButtonDisabled@2x.png */; };
		E37C36A516C84D9D00793B41 /* MBDislikeButtonHighlighted@2x.png in Resources */ = {isa = PBXBuildFile; fileRef = E37C36A416C84D9D00793B41 /* MBDislikeButtonHighlighted@2x.png */; };
		E37C36A916C84E5600793B41 /* MBLikeButtonDefault@2x.png in Resources */ = {isa = PBXBuildFile; fileRef = E37C36A616C84E5600793B41 /* MBLikeButtonDefault@2x.png */; };
		E37C36AA16C84E5600793B41 /* MBLikeButtonDisabled@2x.png in Resources */ = {isa = PBXBuildFile; fileRef = E37C36A716C84E5600793B41 /* MBLikeButtonDisabled@2x.png */; };
		E37C36AB16C84E5600793B41 /* MBLikeButtonHighlighted@2x.png in Resources */ = {isa = PBXBuildFile; fileRef = E37C36A816C84E5600793B41 /* MBLikeButtonHighlighted@2x.png */; };
		E37C36AF16C84FB000793B41 /* MBInfoButtonDefault@2x.png in Resources */ = {isa = PBXBuildFile; fileRef = E37C36AC16C84FB000793B41 /* MBInfoButtonDefault@2x.png */; };
		E37C36B016C84FB000793B41 /* MBInfoButtonDisabled@2x.png in Resources */ = {isa = PBXBuildFile; fileRef = E37C36AD16C84FB000793B41 /* MBInfoButtonDisabled@2x.png */; };
		E37C36B116C84FB000793B41 /* MBInfoButtonHighlighted@2x.png in Resources */ = {isa = PBXBuildFile; fileRef = E37C36AE16C84FB000793B41 /* MBInfoButtonHighlighted@2x.png */; };
		E3A23B5F16C5BA9300967F73 /* UIKit.framework in Frameworks */ = {isa = PBXBuildFile; fileRef = E3A23B5E16C5BA9300967F73 /* UIKit.framework */; };
		E3A23B6116C5BA9300967F73 /* Foundation.framework in Frameworks */ = {isa = PBXBuildFile; fileRef = E3A23B6016C5BA9300967F73 /* Foundation.framework */; };
		E3A23B6316C5BA9300967F73 /* CoreGraphics.framework in Frameworks */ = {isa = PBXBuildFile; fileRef = E3A23B6216C5BA9300967F73 /* CoreGraphics.framework */; };
		E3A23B6916C5BA9300967F73 /* InfoPlist.strings in Resources */ = {isa = PBXBuildFile; fileRef = E3A23B6716C5BA9300967F73 /* InfoPlist.strings */; };
		E3A23B6B16C5BA9300967F73 /* main.m in Sources */ = {isa = PBXBuildFile; fileRef = E3A23B6A16C5BA9300967F73 /* main.m */; };
		E3A23B6F16C5BA9300967F73 /* CXAppDelegate.m in Sources */ = {isa = PBXBuildFile; fileRef = E3A23B6E16C5BA9300967F73 /* CXAppDelegate.m */; };
		E3A23B7116C5BA9300967F73 /* Default.png in Resources */ = {isa = PBXBuildFile; fileRef = E3A23B7016C5BA9300967F73 /* Default.png */; };
		E3A23B7316C5BA9300967F73 /* Default@2x.png in Resources */ = {isa = PBXBuildFile; fileRef = E3A23B7216C5BA9300967F73 /* Default@2x.png */; };
		E3A23B7516C5BA9300967F73 /* Default-568h@2x.png in Resources */ = {isa = PBXBuildFile; fileRef = E3A23B7416C5BA9300967F73 /* Default-568h@2x.png */; };
		E3A23B7816C5BA9300967F73 /* CXFirstViewController.m in Sources */ = {isa = PBXBuildFile; fileRef = E3A23B7716C5BA9300967F73 /* CXFirstViewController.m */; };
		E3A23B7F16C5BA9400967F73 /* CXSecondViewController.m in Sources */ = {isa = PBXBuildFile; fileRef = E3A23B7E16C5BA9400967F73 /* CXSecondViewController.m */; };
		E3A23B8116C5BA9400967F73 /* second.png in Resources */ = {isa = PBXBuildFile; fileRef = E3A23B8016C5BA9400967F73 /* second.png */; };
		E3A23B8316C5BA9400967F73 /* second@2x.png in Resources */ = {isa = PBXBuildFile; fileRef = E3A23B8216C5BA9400967F73 /* second@2x.png */; };
		E3A23B8616C5BA9400967F73 /* CXFirstViewController.xib in Resources */ = {isa = PBXBuildFile; fileRef = E3A23B8416C5BA9400967F73 /* CXFirstViewController.xib */; };
		E3A23B8916C5BA9400967F73 /* CXSecondViewController.xib in Resources */ = {isa = PBXBuildFile; fileRef = E3A23B8716C5BA9400967F73 /* CXSecondViewController.xib */; };
		E3A9A8F316C9B53100F49439 /* NavBar@2x.png in Resources */ = {isa = PBXBuildFile; fileRef = E3A9A8F216C9B53100F49439 /* NavBar@2x.png */; };
/* End PBXBuildFile section */

/* Begin PBXFileReference section */
		44D2FD65A4854AD9B3A65D1C /* libPods.a */ = {isa = PBXFileReference; explicitFileType = archive.ar; includeInIndex = 0; path = libPods.a; sourceTree = BUILT_PRODUCTS_DIR; };
		80FF281EAC594A03A8829556 /* Pods.xcconfig */ = {isa = PBXFileReference; includeInIndex = 1; lastKnownFileType = text.xcconfig; name = Pods.xcconfig; path = Pods/Pods.xcconfig; sourceTree = SOURCE_ROOT; };
		E31556F117DC0F2B0030339E /* 01_company-a.jpg */ = {isa = PBXFileReference; lastKnownFileType = image.jpeg; path = "01_company-a.jpg"; sourceTree = "<group>"; };
		E31556F217DC0F2B0030339E /* button.png */ = {isa = PBXFileReference; lastKnownFileType = image.png; path = button.png; sourceTree = "<group>"; };
		E31556F317DC0F2B0030339E /* button@2x.png */ = {isa = PBXFileReference; lastKnownFileType = image.png; path = "button@2x.png"; sourceTree = "<group>"; };
		E31556F417DC0F2B0030339E /* check-no.png */ = {isa = PBXFileReference; lastKnownFileType = image.png; path = "check-no.png"; sourceTree = "<group>"; };
		E31556F517DC0F2B0030339E /* check-no@2x.png */ = {isa = PBXFileReference; lastKnownFileType = image.png; path = "check-no@2x.png"; sourceTree = "<group>"; };
		E31556F617DC0F2B0030339E /* check-yes.png */ = {isa = PBXFileReference; lastKnownFileType = image.png; path = "check-yes.png"; sourceTree = "<group>"; };
		E31556F717DC0F2B0030339E /* check-yes@2x.png */ = {isa = PBXFileReference; lastKnownFileType = image.png; path = "check-yes@2x.png"; sourceTree = "<group>"; };
		E31556F817DC0F2B0030339E /* crunchbase.png */ = {isa = PBXFileReference; lastKnownFileType = image.png; path = crunchbase.png; sourceTree = "<group>"; };
		E31556F917DC0F2B0030339E /* crunchbase@2x.png */ = {isa = PBXFileReference; lastKnownFileType = image.png; path = "crunchbase@2x.png"; sourceTree = "<group>"; };
		E31556FA17DC0F2B0030339E /* hunt-logo.png */ = {isa = PBXFileReference; lastKnownFileType = image.png; path = "hunt-logo.png"; sourceTree = "<group>"; };
		E31556FB17DC0F2B0030339E /* info.png */ = {isa = PBXFileReference; lastKnownFileType = image.png; path = info.png; sourceTree = "<group>"; };
		E31556FC17DC0F2B0030339E /* info@2x.png */ = {isa = PBXFileReference; lastKnownFileType = image.png; path = "info@2x.png"; sourceTree = "<group>"; };
		E31556FD17DC0F2B0030339E /* menu.png */ = {isa = PBXFileReference; lastKnownFileType = image.png; path = menu.png; sourceTree = "<group>"; };
		E31556FE17DC0F2B0030339E /* menu@2x.png */ = {isa = PBXFileReference; lastKnownFileType = image.png; path = "menu@2x.png"; sourceTree = "<group>"; };
		E315570D17DC20320030339E /* CXModel.h */ = {isa = PBXFileReference; fileEncoding = 4; lastKnownFileType = sourcecode.c.h; path = CXModel.h; sourceTree = "<group>"; };
		E315570E17DC20320030339E /* CXModel.m */ = {isa = PBXFileReference; fileEncoding = 4; lastKnownFileType = sourcecode.c.objc; path = CXModel.m; sourceTree = "<group>"; };
		E37C369916C83FE700793B41 /* CXPhotoView.h */ = {isa = PBXFileReference; fileEncoding = 4; lastKnownFileType = sourcecode.c.h; path = CXPhotoView.h; sourceTree = "<group>"; };
		E37C369A16C83FE700793B41 /* CXPhotoView.m */ = {isa = PBXFileReference; fileEncoding = 4; lastKnownFileType = sourcecode.c.objc; path = CXPhotoView.m; sourceTree = "<group>"; };
		E37C369C16C84C4100793B41 /* MBShortStack@2x.png */ = {isa = PBXFileReference; lastKnownFileType = image.png; path = "MBShortStack@2x.png"; sourceTree = "<group>"; };
		E37C369E16C84CCA00793B41 /* MBButtonHolder@2x.png */ = {isa = PBXFileReference; lastKnownFileType = image.png; path = "MBButtonHolder@2x.png"; sourceTree = "<group>"; };
		E37C36A016C84D6B00793B41 /* MBDislikeButtonDefault@2x.png */ = {isa = PBXFileReference; lastKnownFileType = image.png; path = "MBDislikeButtonDefault@2x.png"; sourceTree = "<group>"; };
		E37C36A116C84D6B00793B41 /* MBDislikeButtonDisabled@2x.png */ = {isa = PBXFileReference; lastKnownFileType = image.png; path = "MBDislikeButtonDisabled@2x.png"; sourceTree = "<group>"; };
		E37C36A416C84D9D00793B41 /* MBDislikeButtonHighlighted@2x.png */ = {isa = PBXFileReference; lastKnownFileType = image.png; path = "MBDislikeButtonHighlighted@2x.png"; sourceTree = "<group>"; };
		E37C36A616C84E5600793B41 /* MBLikeButtonDefault@2x.png */ = {isa = PBXFileReference; lastKnownFileType = image.png; path = "MBLikeButtonDefault@2x.png"; sourceTree = "<group>"; };
		E37C36A716C84E5600793B41 /* MBLikeButtonDisabled@2x.png */ = {isa = PBXFileReference; lastKnownFileType = image.png; path = "MBLikeButtonDisabled@2x.png"; sourceTree = "<group>"; };
		E37C36A816C84E5600793B41 /* MBLikeButtonHighlighted@2x.png */ = {isa = PBXFileReference; lastKnownFileType = image.png; path = "MBLikeButtonHighlighted@2x.png"; sourceTree = "<group>"; };
		E37C36AC16C84FB000793B41 /* MBInfoButtonDefault@2x.png */ = {isa = PBXFileReference; lastKnownFileType = image.png; path = "MBInfoButtonDefault@2x.png"; sourceTree = "<group>"; };
		E37C36AD16C84FB000793B41 /* MBInfoButtonDisabled@2x.png */ = {isa = PBXFileReference; lastKnownFileType = image.png; path = "MBInfoButtonDisabled@2x.png"; sourceTree = "<group>"; };
		E37C36AE16C84FB000793B41 /* MBInfoButtonHighlighted@2x.png */ = {isa = PBXFileReference; lastKnownFileType = image.png; path = "MBInfoButtonHighlighted@2x.png"; sourceTree = "<group>"; };
		E3A23B5B16C5BA9300967F73 /* Coal.app */ = {isa = PBXFileReference; explicitFileType = wrapper.application; includeInIndex = 0; path = Coal.app; sourceTree = BUILT_PRODUCTS_DIR; };
		E3A23B5E16C5BA9300967F73 /* UIKit.framework */ = {isa = PBXFileReference; lastKnownFileType = wrapper.framework; name = UIKit.framework; path = System/Library/Frameworks/UIKit.framework; sourceTree = SDKROOT; };
		E3A23B6016C5BA9300967F73 /* Foundation.framework */ = {isa = PBXFileReference; lastKnownFileType = wrapper.framework; name = Foundation.framework; path = System/Library/Frameworks/Foundation.framework; sourceTree = SDKROOT; };
		E3A23B6216C5BA9300967F73 /* CoreGraphics.framework */ = {isa = PBXFileReference; lastKnownFileType = wrapper.framework; name = CoreGraphics.framework; path = System/Library/Frameworks/CoreGraphics.framework; sourceTree = SDKROOT; };
		E3A23B6616C5BA9300967F73 /* Coal-Info.plist */ = {isa = PBXFileReference; lastKnownFileType = text.plist.xml; path = "Coal-Info.plist"; sourceTree = "<group>"; };
		E3A23B6816C5BA9300967F73 /* en */ = {isa = PBXFileReference; lastKnownFileType = text.plist.strings; name = en; path = en.lproj/InfoPlist.strings; sourceTree = "<group>"; };
		E3A23B6A16C5BA9300967F73 /* main.m */ = {isa = PBXFileReference; lastKnownFileType = sourcecode.c.objc; path = main.m; sourceTree = "<group>"; };
		E3A23B6C16C5BA9300967F73 /* Coal-Prefix.pch */ = {isa = PBXFileReference; lastKnownFileType = sourcecode.c.h; path = "Coal-Prefix.pch"; sourceTree = "<group>"; };
		E3A23B6D16C5BA9300967F73 /* CXAppDelegate.h */ = {isa = PBXFileReference; lastKnownFileType = sourcecode.c.h; path = CXAppDelegate.h; sourceTree = "<group>"; };
		E3A23B6E16C5BA9300967F73 /* CXAppDelegate.m */ = {isa = PBXFileReference; lastKnownFileType = sourcecode.c.objc; path = CXAppDelegate.m; sourceTree = "<group>"; };
		E3A23B7016C5BA9300967F73 /* Default.png */ = {isa = PBXFileReference; lastKnownFileType = image.png; path = Default.png; sourceTree = "<group>"; };
		E3A23B7216C5BA9300967F73 /* Default@2x.png */ = {isa = PBXFileReference; lastKnownFileType = image.png; path = "Default@2x.png"; sourceTree = "<group>"; };
		E3A23B7416C5BA9300967F73 /* Default-568h@2x.png */ = {isa = PBXFileReference; lastKnownFileType = image.png; path = "Default-568h@2x.png"; sourceTree = "<group>"; };
		E3A23B7616C5BA9300967F73 /* CXFirstViewController.h */ = {isa = PBXFileReference; lastKnownFileType = sourcecode.c.h; path = CXFirstViewController.h; sourceTree = "<group>"; };
		E3A23B7716C5BA9300967F73 /* CXFirstViewController.m */ = {isa = PBXFileReference; lastKnownFileType = sourcecode.c.objc; path = CXFirstViewController.m; sourceTree = "<group>"; };
		E3A23B7D16C5BA9300967F73 /* CXSecondViewController.h */ = {isa = PBXFileReference; lastKnownFileType = sourcecode.c.h; path = CXSecondViewController.h; sourceTree = "<group>"; };
		E3A23B7E16C5BA9400967F73 /* CXSecondViewController.m */ = {isa = PBXFileReference; lastKnownFileType = sourcecode.c.objc; path = CXSecondViewController.m; sourceTree = "<group>"; };
		E3A23B8016C5BA9400967F73 /* second.png */ = {isa = PBXFileReference; lastKnownFileType = image.png; path = second.png; sourceTree = "<group>"; };
		E3A23B8216C5BA9400967F73 /* second@2x.png */ = {isa = PBXFileReference; lastKnownFileType = image.png; path = "second@2x.png"; sourceTree = "<group>"; };
		E3A23B8516C5BA9400967F73 /* en */ = {isa = PBXFileReference; lastKnownFileType = file.xib; name = en; path = en.lproj/CXFirstViewController.xib; sourceTree = "<group>"; };
		E3A23B8816C5BA9400967F73 /* en */ = {isa = PBXFileReference; lastKnownFileType = file.xib; name = en; path = en.lproj/CXSecondViewController.xib; sourceTree = "<group>"; };
		E3A9A8F216C9B53100F49439 /* NavBar@2x.png */ = {isa = PBXFileReference; lastKnownFileType = image.png; path = "NavBar@2x.png"; sourceTree = "<group>"; };
/* End PBXFileReference section */

/* Begin PBXFrameworksBuildPhase section */
		E3A23B5816C5BA9300967F73 /* Frameworks */ = {
			isa = PBXFrameworksBuildPhase;
			buildActionMask = 2147483647;
			files = (
				E3A23B5F16C5BA9300967F73 /* UIKit.framework in Frameworks */,
				E3A23B6116C5BA9300967F73 /* Foundation.framework in Frameworks */,
				E3A23B6316C5BA9300967F73 /* CoreGraphics.framework in Frameworks */,
				C85035ED21894AF39C3E663A /* libPods.a in Frameworks */,
			);
			runOnlyForDeploymentPostprocessing = 0;
		};
/* End PBXFrameworksBuildPhase section */

/* Begin PBXGroup section */
		E3A23B5216C5BA9300967F73 = {
			isa = PBXGroup;
			children = (
				E3A23B6416C5BA9300967F73 /* Coal */,
				E3A23B5D16C5BA9300967F73 /* Frameworks */,
				E3A23B5C16C5BA9300967F73 /* Products */,
				80FF281EAC594A03A8829556 /* Pods.xcconfig */,
			);
			sourceTree = "<group>";
		};
		E3A23B5C16C5BA9300967F73 /* Products */ = {
			isa = PBXGroup;
			children = (
				E3A23B5B16C5BA9300967F73 /* Coal.app */,
			);
			name = Products;
			sourceTree = "<group>";
		};
		E3A23B5D16C5BA9300967F73 /* Frameworks */ = {
			isa = PBXGroup;
			children = (
				E3A23B5E16C5BA9300967F73 /* UIKit.framework */,
				E3A23B6016C5BA9300967F73 /* Foundation.framework */,
				E3A23B6216C5BA9300967F73 /* CoreGraphics.framework */,
				44D2FD65A4854AD9B3A65D1C /* libPods.a */,
			);
			name = Frameworks;
			sourceTree = "<group>";
		};
		E3A23B6416C5BA9300967F73 /* Coal */ = {
			isa = PBXGroup;
			children = (
				E3A23B6D16C5BA9300967F73 /* CXAppDelegate.h */,
				E3A23B6E16C5BA9300967F73 /* CXAppDelegate.m */,
				E3A23B7616C5BA9300967F73 /* CXFirstViewController.h */,
				E3A23B7716C5BA9300967F73 /* CXFirstViewController.m */,
				E3A23B7D16C5BA9300967F73 /* CXSecondViewController.h */,
				E3A23B7E16C5BA9400967F73 /* CXSecondViewController.m */,
				E3A23B8016C5BA9400967F73 /* second.png */,
				E3A23B8216C5BA9400967F73 /* second@2x.png */,
				E3A23B8416C5BA9400967F73 /* CXFirstViewController.xib */,
				E3A23B8716C5BA9400967F73 /* CXSecondViewController.xib */,
				E3A23B6516C5BA9300967F73 /* Supporting Files */,
				E37C369916C83FE700793B41 /* CXPhotoView.h */,
				E37C369A16C83FE700793B41 /* CXPhotoView.m */,
				E315570D17DC20320030339E /* CXModel.h */,
				E315570E17DC20320030339E /* CXModel.m */,
			);
			path = Coal;
			sourceTree = "<group>";
		};
		E3A23B6516C5BA9300967F73 /* Supporting Files */ = {
			isa = PBXGroup;
			children = (
				E31556F117DC0F2B0030339E /* 01_company-a.jpg */,
				E31556F217DC0F2B0030339E /* button.png */,
				E31556F317DC0F2B0030339E /* button@2x.png */,
				E31556F417DC0F2B0030339E /* check-no.png */,
				E31556F517DC0F2B0030339E /* check-no@2x.png */,
				E31556F617DC0F2B0030339E /* check-yes.png */,
				E31556F717DC0F2B0030339E /* check-yes@2x.png */,
				E31556F817DC0F2B0030339E /* crunchbase.png */,
				E31556F917DC0F2B0030339E /* crunchbase@2x.png */,
				E31556FA17DC0F2B0030339E /* hunt-logo.png */,
				E31556FB17DC0F2B0030339E /* info.png */,
				E31556FC17DC0F2B0030339E /* info@2x.png */,
				E31556FD17DC0F2B0030339E /* menu.png */,
				E31556FE17DC0F2B0030339E /* menu@2x.png */,
				E3A9A8F216C9B53100F49439 /* NavBar@2x.png */,
				E37C36AC16C84FB000793B41 /* MBInfoButtonDefault@2x.png */,
				E37C36AD16C84FB000793B41 /* MBInfoButtonDisabled@2x.png */,
				E37C36AE16C84FB000793B41 /* MBInfoButtonHighlighted@2x.png */,
				E37C36A616C84E5600793B41 /* MBLikeButtonDefault@2x.png */,
				E37C36A716C84E5600793B41 /* MBLikeButtonDisabled@2x.png */,
				E37C36A816C84E5600793B41 /* MBLikeButtonHighlighted@2x.png */,
				E37C36A416C84D9D00793B41 /* MBDislikeButtonHighlighted@2x.png */,
				E37C36A016C84D6B00793B41 /* MBDislikeButtonDefault@2x.png */,
				E37C36A116C84D6B00793B41 /* MBDislikeButtonDisabled@2x.png */,
				E37C369E16C84CCA00793B41 /* MBButtonHolder@2x.png */,
				E37C369C16C84C4100793B41 /* MBShortStack@2x.png */,
				E3A23B6616C5BA9300967F73 /* Coal-Info.plist */,
				E3A23B6716C5BA9300967F73 /* InfoPlist.strings */,
				E3A23B6A16C5BA9300967F73 /* main.m */,
				E3A23B6C16C5BA9300967F73 /* Coal-Prefix.pch */,
				E3A23B7016C5BA9300967F73 /* Default.png */,
				E3A23B7216C5BA9300967F73 /* Default@2x.png */,
				E3A23B7416C5BA9300967F73 /* Default-568h@2x.png */,
			);
			name = "Supporting Files";
			sourceTree = "<group>";
		};
/* End PBXGroup section */

/* Begin PBXNativeTarget section */
		E3A23B5A16C5BA9300967F73 /* Coal */ = {
			isa = PBXNativeTarget;
			buildConfigurationList = E3A23B8C16C5BA9400967F73 /* Build configuration list for PBXNativeTarget "Coal" */;
			buildPhases = (
				6F2E9D3D59A84F47A8DEB3E1 /* Check Pods Manifest.lock */,
				E3A23B5716C5BA9300967F73 /* Sources */,
				E3A23B5816C5BA9300967F73 /* Frameworks */,
				E3A23B5916C5BA9300967F73 /* Resources */,
				4086D611835E47F5B336AE53 /* Copy Pods Resources */,
			);
			buildRules = (
			);
			dependencies = (
			);
			name = Coal;
			productName = Coal;
			productReference = E3A23B5B16C5BA9300967F73 /* Coal.app */;
			productType = "com.apple.product-type.application";
		};
/* End PBXNativeTarget section */

/* Begin PBXProject section */
		E3A23B5316C5BA9300967F73 /* Project object */ = {
			isa = PBXProject;
			attributes = {
				CLASSPREFIX = CX;
				LastUpgradeCheck = 0460;
				ORGANIZATIONNAME = "Brad Smith";
			};
			buildConfigurationList = E3A23B5616C5BA9300967F73 /* Build configuration list for PBXProject "Coal" */;
			compatibilityVersion = "Xcode 3.2";
			developmentRegion = English;
			hasScannedForEncodings = 0;
			knownRegions = (
				en,
			);
			mainGroup = E3A23B5216C5BA9300967F73;
			productRefGroup = E3A23B5C16C5BA9300967F73 /* Products */;
			projectDirPath = "";
			projectRoot = "";
			targets = (
				E3A23B5A16C5BA9300967F73 /* Coal */,
			);
		};
/* End PBXProject section */

/* Begin PBXResourcesBuildPhase section */
		E3A23B5916C5BA9300967F73 /* Resources */ = {
			isa = PBXResourcesBuildPhase;
			buildActionMask = 2147483647;
			files = (
				E315570317DC0F2B0030339E /* check-no@2x.png in Resources */,
				E315570C17DC0F2B0030339E /* menu@2x.png in Resources */,
				E3A23B6916C5BA9300967F73 /* InfoPlist.strings in Resources */,
				E3A23B7116C5BA9300967F73 /* Default.png in Resources */,
				E315570817DC0F2B0030339E /* hunt-logo.png in Resources */,
				E3A23B7316C5BA9300967F73 /* Default@2x.png in Resources */,
				E3A23B7516C5BA9300967F73 /* Default-568h@2x.png in Resources */,
				E3A23B8116C5BA9400967F73 /* second.png in Resources */,
				E315570717DC0F2B0030339E /* crunchbase@2x.png in Resources */,
				E315570B17DC0F2B0030339E /* menu.png in Resources */,
				E3A23B8316C5BA9400967F73 /* second@2x.png in Resources */,
				E3A23B8616C5BA9400967F73 /* CXFirstViewController.xib in Resources */,
				E315570117DC0F2B0030339E /* button@2x.png in Resources */,
				E3A23B8916C5BA9400967F73 /* CXSecondViewController.xib in Resources */,
				E37C369D16C84C4100793B41 /* MBShortStack@2x.png in Resources */,
				E315570617DC0F2B0030339E /* crunchbase.png in Resources */,
				E37C369F16C84CCA00793B41 /* MBButtonHolder@2x.png in Resources */,
				E315570917DC0F2B0030339E /* info.png in Resources */,
				E315570417DC0F2B0030339E /* check-yes.png in Resources */,
				E37C36A216C84D6B00793B41 /* MBDislikeButtonDefault@2x.png in Resources */,
				E315570017DC0F2B0030339E /* button.png in Resources */,
				E37C36A316C84D6B00793B41 /* MBDislikeButtonDisabled@2x.png in Resources */,
				E315570A17DC0F2B0030339E /* info@2x.png in Resources */,
				E37C36A516C84D9D00793B41 /* MBDislikeButtonHighlighted@2x.png in Resources */,
				E37C36A916C84E5600793B41 /* MBLikeButtonDefault@2x.png in Resources */,
				E37C36AA16C84E5600793B41 /* MBLikeButtonDisabled@2x.png in Resources */,
				E37C36AB16C84E5600793B41 /* MBLikeButtonHighlighted@2x.png in Resources */,
				E37C36AF16C84FB000793B41 /* MBInfoButtonDefault@2x.png in Resources */,
				E37C36B016C84FB000793B41 /* MBInfoButtonDisabled@2x.png in Resources */,
				E37C36B116C84FB000793B41 /* MBInfoButtonHighlighted@2x.png in Resources */,
				E315570517DC0F2B0030339E /* check-yes@2x.png in Resources */,
				E31556FF17DC0F2B0030339E /* 01_company-a.jpg in Resources */,
				E3A9A8F316C9B53100F49439 /* NavBar@2x.png in Resources */,
				E315570217DC0F2B0030339E /* check-no.png in Resources */,
			);
			runOnlyForDeploymentPostprocessing = 0;
		};
/* End PBXResourcesBuildPhase section */

/* Begin PBXShellScriptBuildPhase section */
		4086D611835E47F5B336AE53 /* Copy Pods Resources */ = {
			isa = PBXShellScriptBuildPhase;
			buildActionMask = 2147483647;
			files = (
			);
			inputPaths = (
			);
			name = "Copy Pods Resources";
			outputPaths = (
			);
			runOnlyForDeploymentPostprocessing = 0;
			shellPath = /bin/sh;
			shellScript = "\"${SRCROOT}/Pods/Pods-resources.sh\"\n";
		};
		6F2E9D3D59A84F47A8DEB3E1 /* Check Pods Manifest.lock */ = {
			isa = PBXShellScriptBuildPhase;
			buildActionMask = 2147483647;
			files = (
			);
			inputPaths = (
			);
			name = "Check Pods Manifest.lock";
			outputPaths = (
			);
			runOnlyForDeploymentPostprocessing = 0;
			shellPath = /bin/sh;
			shellScript = "diff \"${PODS_ROOT}/../Podfile.lock\" \"${PODS_ROOT}/Manifest.lock\" > /dev/null\nif [[ $? != 0 ]] ; then\n    cat << EOM\nerror: The sandbox is not in sync with the Podfile.lock. Run 'pod install' or update your CocoaPods installation.\nEOM\n    exit 1\nfi\n";
		};
/* End PBXShellScriptBuildPhase section */

/* Begin PBXSourcesBuildPhase section */
		E3A23B5716C5BA9300967F73 /* Sources */ = {
			isa = PBXSourcesBuildPhase;
			buildActionMask = 2147483647;
			files = (
				E3A23B6B16C5BA9300967F73 /* main.m in Sources */,
				E3A23B6F16C5BA9300967F73 /* CXAppDelegate.m in Sources */,
				E315570F17DC20320030339E /* CXModel.m in Sources */,
				E3A23B7816C5BA9300967F73 /* CXFirstViewController.m in Sources */,
				E3A23B7F16C5BA9400967F73 /* CXSecondViewController.m in Sources */,
				E37C369B16C83FE700793B41 /* CXPhotoView.m in Sources */,
			);
			runOnlyForDeploymentPostprocessing = 0;
		};
/* End PBXSourcesBuildPhase section */

/* Begin PBXVariantGroup section */
		E3A23B6716C5BA9300967F73 /* InfoPlist.strings */ = {
			isa = PBXVariantGroup;
			children = (
				E3A23B6816C5BA9300967F73 /* en */,
			);
			name = InfoPlist.strings;
			sourceTree = "<group>";
		};
		E3A23B8416C5BA9400967F73 /* CXFirstViewController.xib */ = {
			isa = PBXVariantGroup;
			children = (
				E3A23B8516C5BA9400967F73 /* en */,
			);
			name = CXFirstViewController.xib;
			sourceTree = "<group>";
		};
		E3A23B8716C5BA9400967F73 /* CXSecondViewController.xib */ = {
			isa = PBXVariantGroup;
			children = (
				E3A23B8816C5BA9400967F73 /* en */,
			);
			name = CXSecondViewController.xib;
			sourceTree = "<group>";
		};
/* End PBXVariantGroup section */

/* Begin XCBuildConfiguration section */
		E3A23B8A16C5BA9400967F73 /* Debug */ = {
			isa = XCBuildConfiguration;
			buildSettings = {
				ALWAYS_SEARCH_USER_PATHS = NO;
				CLANG_CXX_LANGUAGE_STANDARD = "gnu++0x";
				CLANG_CXX_LIBRARY = "libc++";
				CLANG_WARN_CONSTANT_CONVERSION = YES;
				CLANG_WARN_EMPTY_BODY = YES;
				CLANG_WARN_ENUM_CONVERSION = YES;
				CLANG_WARN_INT_CONVERSION = YES;
				CLANG_WARN__DUPLICATE_METHOD_MATCH = YES;
				"CODE_SIGN_IDENTITY[sdk=iphoneos*]" = "iPhone Developer";
				COPY_PHASE_STRIP = NO;
				GCC_C_LANGUAGE_STANDARD = gnu99;
				GCC_DYNAMIC_NO_PIC = NO;
				GCC_OPTIMIZATION_LEVEL = 0;
				GCC_PREPROCESSOR_DEFINITIONS = (
					"DEBUG=1",
					"$(inherited)",
				);
				GCC_SYMBOLS_PRIVATE_EXTERN = NO;
				GCC_WARN_ABOUT_RETURN_TYPE = YES;
				GCC_WARN_UNINITIALIZED_AUTOS = YES;
				GCC_WARN_UNUSED_VARIABLE = YES;
				IPHONEOS_DEPLOYMENT_TARGET = 6.1;
				ONLY_ACTIVE_ARCH = YES;
				SDKROOT = iphoneos;
			};
			name = Debug;
		};
		E3A23B8B16C5BA9400967F73 /* Release */ = {
			isa = XCBuildConfiguration;
			buildSettings = {
				ALWAYS_SEARCH_USER_PATHS = NO;
				CLANG_CXX_LANGUAGE_STANDARD = "gnu++0x";
				CLANG_CXX_LIBRARY = "libc++";
				CLANG_WARN_CONSTANT_CONVERSION = YES;
				CLANG_WARN_EMPTY_BODY = YES;
				CLANG_WARN_ENUM_CONVERSION = YES;
				CLANG_WARN_INT_CONVERSION = YES;
				CLANG_WARN__DUPLICATE_METHOD_MATCH = YES;
				"CODE_SIGN_IDENTITY[sdk=iphoneos*]" = "iPhone Developer";
				COPY_PHASE_STRIP = YES;
				GCC_C_LANGUAGE_STANDARD = gnu99;
				GCC_WARN_ABOUT_RETURN_TYPE = YES;
				GCC_WARN_UNINITIALIZED_AUTOS = YES;
				GCC_WARN_UNUSED_VARIABLE = YES;
				IPHONEOS_DEPLOYMENT_TARGET = 6.1;
				OTHER_CFLAGS = "-DNS_BLOCK_ASSERTIONS=1";
				SDKROOT = iphoneos;
				VALIDATE_PRODUCT = YES;
			};
			name = Release;
		};
		E3A23B8D16C5BA9400967F73 /* Debug */ = {
			isa = XCBuildConfiguration;
			baseConfigurationReference = 80FF281EAC594A03A8829556 /* Pods.xcconfig */;
			buildSettings = {
				GCC_PRECOMPILE_PREFIX_HEADER = YES;
				GCC_PREFIX_HEADER = "Coal/Coal-Prefix.pch";
				INFOPLIST_FILE = "Coal/Coal-Info.plist";
				PRODUCT_NAME = "$(TARGET_NAME)";
				WRAPPER_EXTENSION = app;
			};
			name = Debug;
		};
		E3A23B8E16C5BA9400967F73 /* Release */ = {
			isa = XCBuildConfiguration;
			baseConfigurationReference = 80FF281EAC594A03A8829556 /* Pods.xcconfig */;
			buildSettings = {
				GCC_PRECOMPILE_PREFIX_HEADER = YES;
				GCC_PREFIX_HEADER = "Coal/Coal-Prefix.pch";
				INFOPLIST_FILE = "Coal/Coal-Info.plist";
				PRODUCT_NAME = "$(TARGET_NAME)";
				WRAPPER_EXTENSION = app;
			};
			name = Release;
		};
/* End XCBuildConfiguration section */

/* Begin XCConfigurationList section */
		E3A23B5616C5BA9300967F73 /* Build configuration list for PBXProject "Coal" */ = {
			isa = XCConfigurationList;
			buildConfigurations = (
				E3A23B8A16C5BA9400967F73 /* Debug */,
				E3A23B8B16C5BA9400967F73 /* Release */,
			);
			defaultConfigurationIsVisible = 0;
			defaultConfigurationName = Release;
		};
		E3A23B8C16C5BA9400967F73 /* Build configuration list for PBXNativeTarget "Coal" */ = {
			isa = XCConfigurationList;
			buildConfigurations = (
				E3A23B8D16C5BA9400967F73 /* Debug */,
				E3A23B8E16C5BA9400967F73 /* Release */,
			);
			defaultConfigurationIsVisible = 0;
			defaultConfigurationName = Release;
		};
/* End XCConfigurationList section */
	};
	rootObject = E3A23B5316C5BA9300967F73 /* Project object */;
}
